# This file is automatically @generated by Cargo.
# It is not intended for manual editing.
version = 3

[[package]]
name = "ansi_term"
version = "0.11.0"
source = "registry+https://github.com/rust-lang/crates.io-index"
checksum = "ee49baf6cb617b853aa8d93bf420db2383fab46d314482ca2803b40d5fde979b"
dependencies = [
 "winapi",
]

[[package]]
name = "atty"
version = "0.2.14"
source = "registry+https://github.com/rust-lang/crates.io-index"
checksum = "d9b39be18770d11421cdb1b9947a45dd3f37e93092cbf377614828a319d5fee8"
dependencies = [
 "hermit-abi",
 "libc",
checksum = "2fc4a1aa4c24c0718a250f0681885c1af91419d242f29eb8f2ab28502d80dbd1"
dependencies = [
 "libc",
 "termion",
 "winapi",
]

[[package]]
name = "autocfg"
version = "1.0.1"
source = "registry+https://github.com/rust-lang/crates.io-index"
checksum = "cdb031dd78e28731d87d56cc8ffef4a8f36ca26c38fe2de700543e627f8a464a"

[[package]]
name = "bitflags"
version = "1.2.1"
source = "registry+https://github.com/rust-lang/crates.io-index"
<<<<<<< HEAD
checksum = "cf1de2fe8c75bc145a2f577add951f8134889b4795d47466a54a5c846d691693"
=======
checksum = "d0c54bb8f454c567f21197eefcdbf5679d0bd99f2ddbe52e84c77061952e6789"
>>>>>>> add kernel version header implementation

[[package]]
name = "byteorder"
version = "0.5.3"
source = "registry+https://github.com/rust-lang/crates.io-index"
checksum = "0fc10e8cc6b2580fda3f36eb6dc5316657f812a3df879a44a66fc9f0fdbc4855"

[[package]]
name = "cfg-if"
version = "0.1.10"
source = "registry+https://github.com/rust-lang/crates.io-index"
<<<<<<< HEAD
checksum = "4785bdd1c96b2a846b2bd7cc02e86b6b3dbf14e7e53446c4f54c92a361040822"
=======
checksum = "d4c819a1287eb618df47cc647173c5c4c66ba19d888a6e50d605672aed3140de"
>>>>>>> add kernel version header implementation

[[package]]
name = "chrono"
version = "0.4.19"
source = "registry+https://github.com/rust-lang/crates.io-index"
<<<<<<< HEAD
checksum = "670ad68c9088c2a963aaa298cb369688cf3f9465ce5e2d4ca10e6e0098a1ce73"
dependencies = [
 "libc",
 "num-integer",
 "num-traits",
 "time",
 "winapi",
=======
checksum = "1cce36c92cb605414e9b824f866f5babe0a0368e39ea07393b9b63cf3844c0e6"
dependencies = [
 "num-integer",
 "num-traits",
 "time",
>>>>>>> add kernel version header implementation
]

[[package]]
name = "clap"
version = "2.33.3"
source = "registry+https://github.com/rust-lang/crates.io-index"
<<<<<<< HEAD
checksum = "37e58ac78573c40708d45522f0d80fa2f01cc4f9b4e2bf749807255454312002"
=======
checksum = "bdfa80d47f954d53a35a64987ca1422f495b8d6483c0fe9f7117b36c2a792129"
>>>>>>> add kernel version header implementation
dependencies = [
 "ansi_term",
 "atty",
 "bitflags",
 "strsim",
 "textwrap",
 "unicode-width",
 "vec_map",
]

[[package]]
name = "elf"
version = "0.0.10"
source = "registry+https://github.com/rust-lang/crates.io-index"
checksum = "4841de15dbe0e49b9b62a417589299e3be0d557e0900d36acb87e6dae47197f5"
dependencies = [
 "byteorder",
]

[[package]]
name = "elf2tab"
<<<<<<< HEAD
version = "0.7.0-dev"
=======
version = "0.8.0-dev"
>>>>>>> add kernel version header implementation
dependencies = [
 "chrono",
 "elf",
 "structopt",
 "tar",
]

[[package]]
name = "filetime"
version = "0.2.12"
source = "registry+https://github.com/rust-lang/crates.io-index"
<<<<<<< HEAD
checksum = "3ed85775dcc68644b5c950ac06a2b23768d3bc9390464151aaf27136998dcf9e"
=======
checksum = "da4b9849e77b13195302c174324b5ba73eec9b236b24c221a61000daefb95c5f"
>>>>>>> add kernel version header implementation
dependencies = [
 "cfg-if",
 "libc",
 "redox_syscall",
<<<<<<< HEAD
 "winapi",
=======
>>>>>>> add kernel version header implementation
]

[[package]]
name = "heck"
version = "0.3.1"
source = "registry+https://github.com/rust-lang/crates.io-index"
checksum = "20564e78d53d2bb135c343b3f47714a56af2061f1c928fdb541dc7b9fdd94205"
<<<<<<< HEAD
dependencies = [
 "unicode-segmentation",
]

[[package]]
name = "hermit-abi"
version = "0.1.17"
source = "registry+https://github.com/rust-lang/crates.io-index"
checksum = "5aca5565f760fb5b220e499d72710ed156fdb74e631659e99377d9ebfbd13ae8"
dependencies = [
 "libc",
=======
dependencies = [
 "unicode-segmentation",
>>>>>>> add kernel version header implementation
]

[[package]]
name = "lazy_static"
version = "1.4.0"
source = "registry+https://github.com/rust-lang/crates.io-index"
checksum = "e2abad23fbc42b3700f2f279844dc832adb2b2eb069b2df918f455c4e18cc646"

[[package]]
name = "libc"
version = "0.2.79"
source = "registry+https://github.com/rust-lang/crates.io-index"
<<<<<<< HEAD
checksum = "2448f6066e80e3bfc792e9c98bf705b4b0fc6e8ef5b43e5889aff0eaa9c58743"
=======
checksum = "6fd41f331ac7c5b8ac259b8bf82c75c0fb2e469bbf37d2becbba9a6a2221965b"
>>>>>>> add kernel version header implementation

[[package]]
name = "num-integer"
version = "0.1.43"
source = "registry+https://github.com/rust-lang/crates.io-index"
<<<<<<< HEAD
checksum = "8d59457e662d541ba17869cf51cf177c0b5f0cbf476c66bdc90bf1edac4f875b"
dependencies = [
 "autocfg",
=======
checksum = "f8d26da319fb45674985c78f1d1caf99aa4941f785d384a2ae36d0740bc3e2fe"
dependencies = [
>>>>>>> add kernel version header implementation
 "num-traits",
]

[[package]]
name = "num-traits"
version = "0.2.12"
source = "registry+https://github.com/rust-lang/crates.io-index"
<<<<<<< HEAD
checksum = "ac267bcc07f48ee5f8935ab0d24f316fb722d7a1292e2913f0cc196b29ffd611"
dependencies = [
 "autocfg",
]
=======
checksum = "dee092fcdf725aee04dd7da1d21debff559237d49ef1cb3e69bcb8ece44c7364"
>>>>>>> add kernel version header implementation

[[package]]
name = "proc-macro-error"
version = "1.0.4"
source = "registry+https://github.com/rust-lang/crates.io-index"
<<<<<<< HEAD
checksum = "da25490ff9892aab3fcf7c36f08cfb902dd3e71ca0f9f9517bea02a73a5ce38c"
=======
checksum = "98e9e4b82e0ef281812565ea4751049f1bdcdfccda7d3f459f2e138a40c08678"
>>>>>>> add kernel version header implementation
dependencies = [
 "proc-macro-error-attr",
 "proc-macro2",
 "quote",
 "syn",
 "version_check",
]

[[package]]
name = "proc-macro-error-attr"
version = "1.0.4"
source = "registry+https://github.com/rust-lang/crates.io-index"
<<<<<<< HEAD
checksum = "a1be40180e52ecc98ad80b184934baf3d0d29f979574e439af5a55274b35f869"
dependencies = [
 "proc-macro2",
 "quote",
=======
checksum = "4f5444ead4e9935abd7f27dc51f7e852a0569ac888096d5ec2499470794e2e53"
dependencies = [
 "proc-macro2",
 "quote",
 "syn",
 "syn-mid",
>>>>>>> add kernel version header implementation
 "version_check",
]

[[package]]
name = "proc-macro2"
version = "1.0.24"
source = "registry+https://github.com/rust-lang/crates.io-index"
<<<<<<< HEAD
checksum = "1e0704ee1a7e00d7bb417d0770ea303c1bccbabf0ef1667dae92b5967f5f8a71"
=======
checksum = "8872cf6f48eee44265156c111456a700ab3483686b3f96df4cf5481c89157319"
>>>>>>> add kernel version header implementation
dependencies = [
 "unicode-xid",
]

[[package]]
name = "quote"
version = "1.0.7"
source = "registry+https://github.com/rust-lang/crates.io-index"
<<<<<<< HEAD
checksum = "aa563d17ecb180e500da1cfd2b028310ac758de548efdd203e18f283af693f37"
=======
checksum = "42934bc9c8ab0d3b273a16d8551c8f0fcff46be73276ca083ec2414c15c4ba5e"
>>>>>>> add kernel version header implementation
dependencies = [
 "proc-macro2",
]

[[package]]
name = "redox_syscall"
<<<<<<< HEAD
version = "0.1.57"
source = "registry+https://github.com/rust-lang/crates.io-index"
checksum = "41cc0f7e4d5d4544e8861606a285bb08d3e70712ccc7d2b84d7c0ccfaf4b05ce"
=======
version = "0.1.37"
source = "registry+https://github.com/rust-lang/crates.io-index"
checksum = "0d92eecebad22b767915e4d529f89f28ee96dbbf5a4810d2b844373f136417fd"

[[package]]
name = "redox_termios"
version = "0.1.1"
source = "registry+https://github.com/rust-lang/crates.io-index"
checksum = "7e891cfe48e9100a70a3b6eb652fef28920c117d366339687bd5576160db0f76"
dependencies = [
 "redox_syscall",
]
>>>>>>> add kernel version header implementation

[[package]]
name = "strsim"
version = "0.8.0"
source = "registry+https://github.com/rust-lang/crates.io-index"
checksum = "8ea5119cdb4c55b55d432abb513a0429384878c15dde60cc77b1c99de1a95a6a"

[[package]]
name = "structopt"
version = "0.3.20"
source = "registry+https://github.com/rust-lang/crates.io-index"
<<<<<<< HEAD
checksum = "126d630294ec449fae0b16f964e35bf3c74f940da9dca17ee9b905f7b3112eb8"
=======
checksum = "863246aaf5ddd0d6928dfeb1a9ca65f505599e4e1b399935ef7e75107516b4ef"
>>>>>>> add kernel version header implementation
dependencies = [
 "clap",
 "lazy_static",
 "structopt-derive",
]

[[package]]
name = "structopt-derive"
version = "0.4.13"
source = "registry+https://github.com/rust-lang/crates.io-index"
<<<<<<< HEAD
checksum = "65e51c492f9e23a220534971ff5afc14037289de430e3c83f9daf6a1b6ae91e8"
=======
checksum = "d239ca4b13aee7a2142e6795cbd69e457665ff8037aed33b3effdc430d2f927a"
>>>>>>> add kernel version header implementation
dependencies = [
 "heck",
 "proc-macro-error",
 "proc-macro2",
 "quote",
 "syn",
]

[[package]]
name = "syn"
version = "1.0.45"
source = "registry+https://github.com/rust-lang/crates.io-index"
<<<<<<< HEAD
checksum = "ea9c5432ff16d6152371f808fb5a871cd67368171b09bb21b43df8e4a47a3556"
=======
checksum = "4696caa4048ac7ce2bcd2e484b3cef88c1004e41b8e945a277e2c25dc0b72060"
>>>>>>> add kernel version header implementation
dependencies = [
 "proc-macro2",
 "quote",
 "unicode-xid",
<<<<<<< HEAD
=======
]

[[package]]
name = "syn-mid"
version = "0.5.0"
source = "registry+https://github.com/rust-lang/crates.io-index"
checksum = "7be3539f6c128a931cf19dcee741c1af532c7fd387baa739c03dd2e96479338a"
dependencies = [
 "proc-macro2",
 "quote",
 "syn",
>>>>>>> add kernel version header implementation
]

[[package]]
name = "tar"
version = "0.4.30"
source = "registry+https://github.com/rust-lang/crates.io-index"
<<<<<<< HEAD
checksum = "489997b7557e9a43e192c527face4feacc78bfbe6eed67fd55c4c9e381cba290"
=======
checksum = "6af6b94659f9a571bf769a5b71f54079393585ee0bfdd71b691be22d7d6b1d18"
>>>>>>> add kernel version header implementation
dependencies = [
 "filetime",
 "libc",
 "redox_syscall",
 "xattr",
<<<<<<< HEAD
=======
]

[[package]]
name = "termion"
version = "1.5.1"
source = "registry+https://github.com/rust-lang/crates.io-index"
checksum = "689a3bdfaab439fd92bc87df5c4c78417d3cbe537487274e9b0b2dce76e92096"
dependencies = [
 "libc",
 "redox_syscall",
 "redox_termios",
>>>>>>> add kernel version header implementation
]

[[package]]
name = "textwrap"
version = "0.11.0"
source = "registry+https://github.com/rust-lang/crates.io-index"
checksum = "d326610f408c7a4eb6f51c37c330e496b08506c9457c9d34287ecc38809fb060"
dependencies = [
 "unicode-width",
]

[[package]]
name = "time"
version = "0.1.44"
source = "registry+https://github.com/rust-lang/crates.io-index"
<<<<<<< HEAD
checksum = "6db9e6914ab8b1ae1c260a4ae7a49b6c5611b40328a735b21862567685e73255"
dependencies = [
 "libc",
 "wasi",
=======
checksum = "a15375f1df02096fb3317256ce2cee6a1f42fc84ea5ad5fc8c421cfe40c73098"
dependencies = [
 "libc",
 "redox_syscall",
>>>>>>> add kernel version header implementation
 "winapi",
]

[[package]]
name = "unicode-segmentation"
version = "1.6.0"
source = "registry+https://github.com/rust-lang/crates.io-index"
checksum = "e83e153d1053cbb5a118eeff7fd5be06ed99153f00dbcd8ae310c5fb2b22edc0"

[[package]]
name = "unicode-width"
version = "0.1.8"
source = "registry+https://github.com/rust-lang/crates.io-index"
<<<<<<< HEAD
checksum = "9337591893a19b88d8d87f2cec1e73fad5cdfd10e5a6f349f498ad6ea2ffb1e3"
=======
checksum = "882386231c45df4700b275c7ff55b6f3698780a650026380e72dabe76fa46526"
>>>>>>> add kernel version header implementation

[[package]]
name = "unicode-xid"
version = "0.2.1"
source = "registry+https://github.com/rust-lang/crates.io-index"
<<<<<<< HEAD
checksum = "f7fe0bb3479651439c9112f72b6c505038574c9fbb575ed1bf3b797fa39dd564"
=======
checksum = "826e7639553986605ec5979c7dd957c7895e93eabed50ab2ffa7f6128a75097c"
>>>>>>> add kernel version header implementation

[[package]]
name = "vec_map"
version = "0.8.2"
source = "registry+https://github.com/rust-lang/crates.io-index"
<<<<<<< HEAD
checksum = "f1bddf1187be692e79c5ffeab891132dfb0f236ed36a43c7ed39f1165ee20191"
=======
checksum = "05c78687fb1a80548ae3250346c3db86a80a7cdd77bda190189f2d0a0987c81a"
>>>>>>> add kernel version header implementation

[[package]]
name = "version_check"
version = "0.9.2"
source = "registry+https://github.com/rust-lang/crates.io-index"
checksum = "b5a972e5669d67ba988ce3dc826706fb0a8b01471c088cb0b6110b805cc36aed"

[[package]]
name = "wasi"
version = "0.10.0+wasi-snapshot-preview1"
source = "registry+https://github.com/rust-lang/crates.io-index"
<<<<<<< HEAD
checksum = "1a143597ca7c7793eff794def352d41792a93c481eb1042423ff7ff72ba2c31f"
=======
checksum = "078775d0255232fb988e6fccf26ddc9d1ac274299aaedcedce21c6f72cc533ce"
>>>>>>> add kernel version header implementation

[[package]]
name = "winapi"
version = "0.3.9"
source = "registry+https://github.com/rust-lang/crates.io-index"
<<<<<<< HEAD
checksum = "5c839a674fcd7a98952e593242ea400abe93992746761e38641405d28b00f419"
=======
checksum = "04e3bd221fcbe8a271359c04f21a76db7d0c6028862d1bb5512d85e1e2eb5bb3"
>>>>>>> add kernel version header implementation
dependencies = [
 "winapi-i686-pc-windows-gnu",
 "winapi-x86_64-pc-windows-gnu",
]

[[package]]
name = "winapi-i686-pc-windows-gnu"
version = "0.4.0"
source = "registry+https://github.com/rust-lang/crates.io-index"
checksum = "ac3b87c63620426dd9b991e5ce0329eff545bccbbb34f3be09ff6fb6ab51b7b6"

[[package]]
name = "winapi-x86_64-pc-windows-gnu"
version = "0.4.0"
source = "registry+https://github.com/rust-lang/crates.io-index"
checksum = "712e227841d057c1ee1cd2fb22fa7e5a5461ae8e48fa2ca79ec42cfc1931183f"

[[package]]
name = "xattr"
version = "0.2.2"
source = "registry+https://github.com/rust-lang/crates.io-index"
<<<<<<< HEAD
checksum = "244c3741f4240ef46274860397c7c74e50eb23624996930e484c16679633a54c"
=======
checksum = "abb373b92de38a4301d66bec009929b4fb83120ea1c4a401be89dbe0b9777443"
>>>>>>> add kernel version header implementation
dependencies = [
 "libc",
]
